
Microsoft Visual Studio Solution File, Format Version 12.00
# Visual Studio Version 17
VisualStudioVersion = 17.14.36623.8 d17.14
MinimumVisualStudioVersion = 10.0.40219.1
Project("{FAE04EC0-301F-11D3-BF4B-00C04F79EFBC}") = "Exam_Task_1_Solution", "Exam_Task_1_Solution\Exam_Task_1_Solution.csproj", "{B4FB0A01-1ED3-4F4F-B686-CDC884CE3DFA}"
EndProject
Global
	GlobalSection(SolutionConfigurationPlatforms) = preSolution
		Debug|Any CPU = Debug|Any CPU
		Release|Any CPU = Release|Any CPU
	EndGlobalSection
	GlobalSection(ProjectConfigurationPlatforms) = postSolution
		{B4FB0A01-1ED3-4F4F-B686-CDC884CE3DFA}.Debug|Any CPU.ActiveCfg = Debug|Any CPU
		{B4FB0A01-1ED3-4F4F-B686-CDC884CE3DFA}.Debug|Any CPU.Build.0 = Debug|Any CPU
		{B4FB0A01-1ED3-4F4F-B686-CDC884CE3DFA}.Release|Any CPU.ActiveCfg = Release|Any CPU
		{B4FB0A01-1ED3-4F4F-B686-CDC884CE3DFA}.Release|Any CPU.Build.0 = Release|Any CPU
	EndGlobalSection
	GlobalSection(SolutionProperties) = preSolution
		HideSolutionNode = FALSE
	EndGlobalSection
	GlobalSection(ExtensibilityGlobals) = postSolution
		SolutionGuid = {B1722BA0-1C2F-4C10-A460-1EB90991E791}
	EndGlobalSection
EndGlobal
